
Microsoft Visual Studio Solution File, Format Version 12.00
# Visual Studio Version 17
VisualStudioVersion = 17.11.35312.102
MinimumVisualStudioVersion = 10.0.40219.1
Project("{FAE04EC0-301F-11D3-BF4B-00C04F79EFBC}") = "Pr_PC_Builder", "Pr_PC_Builder\Pr_PC_Builder.csproj", "{EFF8AA08-37B9-41ED-96BF-9371FF7AAABE}"
EndProject
Global
	GlobalSection(SolutionConfigurationPlatforms) = preSolution
		Debug|Any CPU = Debug|Any CPU
		Release|Any CPU = Release|Any CPU
	EndGlobalSection
	GlobalSection(ProjectConfigurationPlatforms) = postSolution
		{EFF8AA08-37B9-41ED-96BF-9371FF7AAABE}.Debug|Any CPU.ActiveCfg = Debug|Any CPU
		{EFF8AA08-37B9-41ED-96BF-9371FF7AAABE}.Debug|Any CPU.Build.0 = Debug|Any CPU
		{EFF8AA08-37B9-41ED-96BF-9371FF7AAABE}.Release|Any CPU.ActiveCfg = Release|Any CPU
		{EFF8AA08-37B9-41ED-96BF-9371FF7AAABE}.Release|Any CPU.Build.0 = Release|Any CPU
	EndGlobalSection
	GlobalSection(SolutionProperties) = preSolution
		HideSolutionNode = FALSE
	EndGlobalSection
	GlobalSection(ExtensibilityGlobals) = postSolution
		SolutionGuid = {2CF6A0AF-8FFB-49AF-A290-F6052C63FC4C}
	EndGlobalSection
EndGlobal
