
Microsoft Visual Studio Solution File, Format Version 12.00
# Visual Studio Version 17
VisualStudioVersion = 17.11.35312.102
MinimumVisualStudioVersion = 10.0.40219.1
Project("{FAE04EC0-301F-11D3-BF4B-00C04F79EFBC}") = "Pr_Kino", "Pr_Kino\Pr_Kino.csproj", "{3E36A3BC-23E2-4563-BDD1-BF9365CA010E}"
EndProject
Project("{FAE04EC0-301F-11D3-BF4B-00C04F79EFBC}") = "AuthUnitTestProj", "AuthUnitTestProj\AuthUnitTestProj.csproj", "{581968AA-2855-4426-A585-DFCFBC21C94E}"
EndProject
Project("{FAE04EC0-301F-11D3-BF4B-00C04F79EFBC}") = "RegUnitTestProj", "RegUnitTestProj\RegUnitTestProj.csproj", "{3B367E40-FE67-4CEA-9526-3771A1268D96}"
EndProject
Global
	GlobalSection(SolutionConfigurationPlatforms) = preSolution
		Debug|Any CPU = Debug|Any CPU
		Release|Any CPU = Release|Any CPU
	EndGlobalSection
	GlobalSection(ProjectConfigurationPlatforms) = postSolution
		{3E36A3BC-23E2-4563-BDD1-BF9365CA010E}.Debug|Any CPU.ActiveCfg = Debug|Any CPU
		{3E36A3BC-23E2-4563-BDD1-BF9365CA010E}.Debug|Any CPU.Build.0 = Debug|Any CPU
		{3E36A3BC-23E2-4563-BDD1-BF9365CA010E}.Release|Any CPU.ActiveCfg = Release|Any CPU
		{3E36A3BC-23E2-4563-BDD1-BF9365CA010E}.Release|Any CPU.Build.0 = Release|Any CPU
		{581968AA-2855-4426-A585-DFCFBC21C94E}.Debug|Any CPU.ActiveCfg = Debug|Any CPU
		{581968AA-2855-4426-A585-DFCFBC21C94E}.Debug|Any CPU.Build.0 = Debug|Any CPU
		{581968AA-2855-4426-A585-DFCFBC21C94E}.Release|Any CPU.ActiveCfg = Release|Any CPU
		{581968AA-2855-4426-A585-DFCFBC21C94E}.Release|Any CPU.Build.0 = Release|Any CPU
		{3B367E40-FE67-4CEA-9526-3771A1268D96}.Debug|Any CPU.ActiveCfg = Debug|Any CPU
		{3B367E40-FE67-4CEA-9526-3771A1268D96}.Debug|Any CPU.Build.0 = Debug|Any CPU
		{3B367E40-FE67-4CEA-9526-3771A1268D96}.Release|Any CPU.ActiveCfg = Release|Any CPU
		{3B367E40-FE67-4CEA-9526-3771A1268D96}.Release|Any CPU.Build.0 = Release|Any CPU
	EndGlobalSection
	GlobalSection(SolutionProperties) = preSolution
		HideSolutionNode = FALSE
	EndGlobalSection
	GlobalSection(ExtensibilityGlobals) = postSolution
		SolutionGuid = {2CF6A0AF-8FFB-49AF-A290-F6052C63FC4C}
	EndGlobalSection
EndGlobal
